{
  "version": 4,
  "terraform_version": "1.5.7",
  "serial": 13,
  "lineage": "c23a4902-4c86-d17b-83b2-b3a6ff9f2ad2",
  "outputs": {
    "kubeconfig": {
      "value": "34.31.150.22",
      "type": "string"
    },
    "postgres_instance_connection_name": {
      "value": "lsa-data-425320:us-central1:postgres-instance",
      "type": "string"
    },
    "postgres_instance_ip_address": {
      "value": "34.71.236.251",
      "type": "string"
    }
  },
  "resources": [
    {
      "mode": "managed",
      "type": "google_compute_firewall",
      "name": "allow_postgres",
      "provider": "provider[\"registry.terraform.io/hashicorp/google\"]",
      "instances": [
        {
          "schema_version": 1,
          "attributes": {
            "allow": [
              {
                "ports": [
                  "5432"
                ],
                "protocol": "tcp"
              }
            ],
            "creation_timestamp": "2024-08-17T13:07:47.630-07:00",
            "deny": [],
            "description": "",
            "destination_ranges": [],
            "direction": "INGRESS",
            "disabled": false,
            "enable_logging": null,
            "id": "projects/lsa-data-425320/global/firewalls/allow-postgres",
            "log_config": [],
            "name": "allow-postgres",
            "network": "https://www.googleapis.com/compute/v1/projects/lsa-data-425320/global/networks/default",
            "priority": 1000,
            "project": "lsa-data-425320",
            "self_link": "https://www.googleapis.com/compute/v1/projects/lsa-data-425320/global/firewalls/allow-postgres",
            "source_ranges": [
              "0.0.0.0/0"
            ],
            "source_service_accounts": [],
            "source_tags": [],
            "target_service_accounts": [],
            "target_tags": [],
            "timeouts": null
          },
          "sensitive_attributes": [],
          "private": "eyJlMmJmYjczMC1lY2FhLTExZTYtOGY4OC0zNDM2M2JjN2M0YzAiOnsiY3JlYXRlIjoxMjAwMDAwMDAwMDAwLCJkZWxldGUiOjEyMDAwMDAwMDAwMDAsInVwZGF0ZSI6MTIwMDAwMDAwMDAwMH0sInNjaGVtYV92ZXJzaW9uIjoiMSJ9"
        }
      ]
    },
    {
      "mode": "managed",
      "type": "google_container_cluster",
      "name": "primary",
      "provider": "provider[\"registry.terraform.io/hashicorp/google\"]",
      "instances": [
        {
          "schema_version": 2,
          "attributes": {
            "addons_config": [
              {
                "cloudrun_config": [],
                "config_connector_config": [],
                "dns_cache_config": [],
                "gce_persistent_disk_csi_driver_config": [
                  {
                    "enabled": true
                  }
                ],
                "gcp_filestore_csi_driver_config": [],
                "gcs_fuse_csi_driver_config": [],
                "gke_backup_agent_config": [],
                "horizontal_pod_autoscaling": [],
                "http_load_balancing": [],
                "network_policy_config": [
                  {
                    "disabled": true
                  }
                ],
                "ray_operator_config": [],
                "stateful_ha_config": []
              }
            ],
            "allow_net_admin": null,
            "authenticator_groups_config": [],
            "binary_authorization": [
              {
                "enabled": false,
                "evaluation_mode": ""
              }
            ],
            "cluster_autoscaling": [
              {
                "auto_provisioning_defaults": [],
                "auto_provisioning_locations": [],
                "autoscaling_profile": "BALANCED",
                "enabled": false,
                "resource_limits": []
              }
            ],
            "cluster_ipv4_cidr": "10.108.0.0/14",
            "confidential_nodes": [],
            "cost_management_config": [],
            "database_encryption": [
              {
                "key_name": "",
                "state": "DECRYPTED"
              }
            ],
            "datapath_provider": "",
            "default_max_pods_per_node": 110,
            "default_snat_status": [
              {
                "disabled": false
              }
            ],
            "deletion_protection": true,
            "description": "",
            "dns_config": [],
            "enable_autopilot": false,
            "enable_cilium_clusterwide_network_policy": false,
            "enable_intranode_visibility": false,
            "enable_k8s_beta_apis": [],
            "enable_kubernetes_alpha": false,
            "enable_l4_ilb_subsetting": false,
            "enable_legacy_abac": false,
            "enable_multi_networking": false,
            "enable_shielded_nodes": true,
            "enable_tpu": false,
            "endpoint": "34.31.150.22",
            "fleet": [],
            "gateway_api_config": [],
            "id": "projects/lsa-data-425320/locations/us-central1/clusters/fastapi-cluster",
            "identity_service_config": [],
            "initial_node_count": 1,
            "ip_allocation_policy": [
              {
                "additional_pod_ranges_config": [],
                "cluster_ipv4_cidr_block": "10.108.0.0/14",
                "cluster_secondary_range_name": "gke-fastapi-cluster-pods-157e0b3f",
                "pod_cidr_overprovision_config": [
                  {
                    "disabled": false
                  }
                ],
                "services_ipv4_cidr_block": "34.118.224.0/20",
                "services_secondary_range_name": "",
                "stack_type": "IPV4"
              }
            ],
            "label_fingerprint": "a9dc16a7",
            "location": "us-central1",
            "logging_config": [
              {
                "enable_components": [
                  "SYSTEM_COMPONENTS",
                  "WORKLOADS"
                ]
              }
            ],
            "logging_service": "logging.googleapis.com/kubernetes",
            "maintenance_policy": [],
            "master_auth": [
              {
                "client_certificate": "",
                "client_certificate_config": [
                  {
                    "issue_client_certificate": false
                  }
                ],
                "client_key": "",
                "cluster_ca_certificate": "LS0tLS1CRUdJTiBDRVJUSUZJQ0FURS0tLS0tCk1JSUVMVENDQXBXZ0F3SUJBZ0lSQUlwajQycnFUTXdxY0tubWZxZ2sra293RFFZSktvWklodmNOQVFFTEJRQXcKTHpFdE1Dc0dBMVVFQXhNa05qZ3dPVFE1Wm1NdFlXUTJNQzAwTlRNMkxUa3hNREF0WVRjeFkyVmhZVFE1TWpNMwpNQ0FYRFRJME1EZ3lNakl5TkRReU5Wb1lEekl3TlRRd09ERTFNak0wTkRJMVdqQXZNUzB3S3dZRFZRUURFeVEyCk9EQTVORGxtWXkxaFpEWXdMVFExTXpZdE9URXdNQzFoTnpGalpXRmhORGt5TXpjd2dnR2lNQTBHQ1NxR1NJYjMKRFFFQkFRVUFBNElCandBd2dnR0tBb0lCZ1FEQ3o3bkxJQ2Q4cm8vNUtUb21kOC9vbFhmS0FkcHlCQ3NIUUFWVAp0eExmbWFya1R6dUFpZE9JOHdJa2t4TzVhY0wzeGlVMGlGTWcrZ3lsN1BSWjVOcFp3aGYrK2VnRUtsR0EvT2FTCjJaYXNyclBuKzZReE9LRzVMNk95TGpTb1FSZlN5VDZEb2VKeHZtU2F4aVNHNDhzejUwUDJWaUdLNUttOGJtZFYKcUdRZHhqMGVPYUNGSWVjbTBwOVVKUjdqTWhwdjM0Y1lkanU1UEJZZ2x0TFhoRElSZHVnNzFrV09GZzF4Q2tpLwpaOVBVSDdQNVY2V3pzMUFoRUJ0M2FTbXZjYi9xOVZ5bWc2ZE9HcGZ5aDV0c3VmNmRDT0xkUE5nSDVaNTVZSzB0ClJpQy9ZM1FrYUFiUXJpWG1uTlh2WCtjQTJxQ2h1OEFxYlR0dW9BNSsyWk1kbDduZEtjUkxTVVpQU2FpNDlYSkYKbUZiemVjdUtRamc3ZWtwek85R2JVNFRuUXpzeTJNL3I3RGp4TG1lejBNMnZWeFMyV3JDc1BIdjVIT1hFVE9pcwpta2xSK3hLSFcwZlFGcUIvUXZMWStmVTI2c0JsMTdIeGFyYi9kQVlzdzRBUlg2dmNLeTZtRjlOUEhrRldxeE1rClFoQmNHWWFwdTUxNUZyYWxpYTNVN1llZ2EwRUNBd0VBQWFOQ01FQXdEZ1lEVlIwUEFRSC9CQVFEQWdJRU1BOEcKQTFVZEV3RUIvd1FGTUFNQkFmOHdIUVlEVlIwT0JCWUVGSXpqUVhOUmpqblEvcFl3YTRjbUR4SVZDWVlaTUEwRwpDU3FHU0liM0RRRUJDd1VBQTRJQmdRQnlUclJCYXIxRG9IRmxlR2FIS1lhUEtiWFU5eHhDYkxkbUVPL0hlQUtXCkFucGk3a2lOWSsyNGNPd2NHTnJIa0cxU3FRc2RERlNjY0dWV0F2YW5wN0RyTHlvYUJONXo3aUhTUlRXbzFOWmIKSHlSK1ZTejhnUW5vUUxTZ3A1ZGNwWE5DTGRzamk5cGVOZDc1UVhBdi8wbzA2UC8yUktXb0cwQjFCc2ZlcVc2MAo3TGRvNU8vRnRaRmRORDBkN0tTblVyYXh3dldCWnBLTkV0VGV0cmh6QTBHOHNjcUI1WUtaak9YZllrZkh5bEFLCkJoaXdvby9wVVozMm4xd0c1VDJ1dVVqeURhaTdFczZnYUZzRHN3OFV3cHRqK3BoNEozaVZzdStndFV0eThZRFIKa3hlMjg4V1AwSGFVSVQ0VTVTQTJpcFlrazB5Q2RIWERLU0VYYng2d09kaUNYT0JOcGpNMFZZQnZ2YmRYMkZNcgpxZzRGY0NUcEVzTEZIbks1aldwZGJsSTBsdTVYZ092ZnUxSW5OdEJVcDNQTmY2eFFTTm5ENm53eEVYaE5TYzJRCmliUlFUQm5UYnczb2ZnenlGVkNXZ0IxekY0Qmx0Y2VXYzMyNXU3dWg0Mk44djhVbVhIaUJyQ0JYbVhTY3FUd2gKN2pRSDUxVGdxb3JUNDlOaEhweGorSDQ9Ci0tLS0tRU5EIENFUlRJRklDQVRFLS0tLS0K"
              }
            ],
            "master_authorized_networks_config": [],
            "master_version": "1.29.7-gke.1008000",
            "mesh_certificates": [],
            "min_master_version": null,
            "monitoring_config": [
              {
                "advanced_datapath_observability_config": [
                  {
                    "enable_metrics": false,
                    "enable_relay": false,
                    "relay_mode": "DISABLED"
                  }
                ],
                "enable_components": [
                  "SYSTEM_COMPONENTS",
                  "STORAGE",
                  "HPA",
                  "POD",
                  "DAEMONSET",
                  "DEPLOYMENT",
                  "STATEFULSET",
                  "CADVISOR",
                  "KUBELET"
                ],
                "managed_prometheus": [
                  {
                    "enabled": true
                  }
                ]
              }
            ],
            "monitoring_service": "monitoring.googleapis.com/kubernetes",
            "name": "fastapi-cluster",
            "network": "projects/lsa-data-425320/global/networks/default",
            "network_policy": [
              {
                "enabled": false,
                "provider": "PROVIDER_UNSPECIFIED"
              }
            ],
            "networking_mode": "VPC_NATIVE",
            "node_config": [
              {
                "advanced_machine_features": [],
                "boot_disk_kms_key": "",
                "confidential_nodes": [],
                "containerd_config": [],
                "disk_size_gb": 100,
                "disk_type": "pd-balanced",
                "effective_taints": [],
                "enable_confidential_storage": false,
                "ephemeral_storage_local_ssd_config": [],
                "fast_socket": [],
                "gcfs_config": [],
                "guest_accelerator": [],
                "gvnic": [],
                "host_maintenance_policy": [],
                "image_type": "COS_CONTAINERD",
                "kubelet_config": [],
                "labels": {},
                "linux_node_config": [],
                "local_nvme_ssd_block_config": [],
                "local_ssd_count": 0,
                "logging_variant": "DEFAULT",
                "machine_type": "e2-micro",
                "metadata": {
                  "disable-legacy-endpoints": "true"
                },
                "min_cpu_platform": "",
                "node_group": "",
                "oauth_scopes": [
                  "https://www.googleapis.com/auth/devstorage.read_only",
                  "https://www.googleapis.com/auth/logging.write",
                  "https://www.googleapis.com/auth/monitoring",
                  "https://www.googleapis.com/auth/service.management.readonly",
                  "https://www.googleapis.com/auth/servicecontrol",
                  "https://www.googleapis.com/auth/trace.append"
                ],
                "preemptible": false,
                "reservation_affinity": [],
                "resource_labels": {},
                "resource_manager_tags": {},
                "secondary_boot_disks": [],
                "service_account": "default",
                "shielded_instance_config": [
                  {
                    "enable_integrity_monitoring": true,
                    "enable_secure_boot": false
                  }
                ],
                "sole_tenant_config": [],
                "spot": false,
                "tags": [],
                "taint": [],
                "workload_metadata_config": []
              }
            ],
            "node_locations": [
              "us-central1-b",
              "us-central1-c",
              "us-central1-f"
            ],
            "node_pool": [
              {
                "autoscaling": [],
                "initial_node_count": 1,
                "instance_group_urls": [
                  "https://www.googleapis.com/compute/v1/projects/lsa-data-425320/zones/us-central1-b/instanceGroupManagers/gke-fastapi-cluster-default-pool-6b4caba9-grp",
                  "https://www.googleapis.com/compute/v1/projects/lsa-data-425320/zones/us-central1-f/instanceGroupManagers/gke-fastapi-cluster-default-pool-06c72a5d-grp",
                  "https://www.googleapis.com/compute/v1/projects/lsa-data-425320/zones/us-central1-c/instanceGroupManagers/gke-fastapi-cluster-default-pool-2b041c48-grp"
                ],
                "managed_instance_group_urls": [
                  "https://www.googleapis.com/compute/v1/projects/lsa-data-425320/zones/us-central1-b/instanceGroups/gke-fastapi-cluster-default-pool-6b4caba9-grp",
                  "https://www.googleapis.com/compute/v1/projects/lsa-data-425320/zones/us-central1-f/instanceGroups/gke-fastapi-cluster-default-pool-06c72a5d-grp",
                  "https://www.googleapis.com/compute/v1/projects/lsa-data-425320/zones/us-central1-c/instanceGroups/gke-fastapi-cluster-default-pool-2b041c48-grp"
                ],
                "management": [
                  {
                    "auto_repair": true,
                    "auto_upgrade": true
                  }
                ],
                "max_pods_per_node": 110,
                "name": "default-pool",
                "name_prefix": "",
                "network_config": [
                  {
                    "additional_node_network_configs": [],
                    "additional_pod_network_configs": [],
                    "create_pod_range": false,
                    "enable_private_nodes": false,
                    "network_performance_config": [],
                    "pod_cidr_overprovision_config": [],
                    "pod_ipv4_cidr_block": "10.108.0.0/14",
                    "pod_range": "gke-fastapi-cluster-pods-157e0b3f"
                  }
                ],
                "node_config": [
                  {
                    "advanced_machine_features": [],
                    "boot_disk_kms_key": "",
                    "confidential_nodes": [],
                    "containerd_config": [],
                    "disk_size_gb": 100,
                    "disk_type": "pd-balanced",
                    "effective_taints": [],
                    "enable_confidential_storage": false,
                    "ephemeral_storage_local_ssd_config": [],
                    "fast_socket": [],
                    "gcfs_config": [],
                    "guest_accelerator": [],
                    "gvnic": [],
                    "host_maintenance_policy": [],
                    "image_type": "COS_CONTAINERD",
                    "kubelet_config": [],
                    "labels": {},
                    "linux_node_config": [],
                    "local_nvme_ssd_block_config": [],
                    "local_ssd_count": 0,
                    "logging_variant": "DEFAULT",
                    "machine_type": "e2-micro",
                    "metadata": {
                      "disable-legacy-endpoints": "true"
                    },
                    "min_cpu_platform": "",
                    "node_group": "",
                    "oauth_scopes": [
                      "https://www.googleapis.com/auth/devstorage.read_only",
                      "https://www.googleapis.com/auth/logging.write",
                      "https://www.googleapis.com/auth/monitoring",
                      "https://www.googleapis.com/auth/service.management.readonly",
                      "https://www.googleapis.com/auth/servicecontrol",
                      "https://www.googleapis.com/auth/trace.append"
                    ],
                    "preemptible": false,
                    "reservation_affinity": [],
                    "resource_labels": {},
                    "resource_manager_tags": {},
                    "secondary_boot_disks": [],
                    "service_account": "default",
                    "shielded_instance_config": [
                      {
                        "enable_integrity_monitoring": true,
                        "enable_secure_boot": false
                      }
                    ],
                    "sole_tenant_config": [],
                    "spot": false,
                    "tags": [],
                    "taint": [],
                    "workload_metadata_config": []
                  }
                ],
                "node_count": 1,
                "node_locations": [
                  "us-central1-b",
                  "us-central1-c",
                  "us-central1-f"
                ],
                "placement_policy": [],
                "queued_provisioning": [],
                "upgrade_settings": [
                  {
                    "blue_green_settings": [],
                    "max_surge": 1,
                    "max_unavailable": 0,
                    "strategy": "SURGE"
                  }
                ],
                "version": "1.29.7-gke.1008000"
              }
            ],
            "node_pool_auto_config": [],
            "node_pool_defaults": [
              {
                "node_config_defaults": [
                  {
                    "containerd_config": [],
                    "logging_variant": "DEFAULT"
                  }
                ]
              }
            ],
            "node_version": "1.29.7-gke.1008000",
            "notification_config": [
              {
                "pubsub": [
                  {
                    "enabled": false,
                    "filter": [],
                    "topic": ""
                  }
                ]
              }
            ],
            "operation": null,
            "private_cluster_config": [
              {
                "enable_private_endpoint": false,
                "enable_private_nodes": false,
                "master_global_access_config": [
                  {
                    "enabled": false
                  }
                ],
                "master_ipv4_cidr_block": "",
                "peering_name": "",
                "private_endpoint": "10.128.0.5",
                "private_endpoint_subnetwork": "",
                "public_endpoint": "34.31.150.22"
              }
            ],
            "private_ipv6_google_access": "",
            "project": "lsa-data-425320",
            "release_channel": [
              {
                "channel": "REGULAR"
              }
            ],
            "remove_default_node_pool": null,
            "resource_labels": {},
            "resource_usage_export_config": [],
            "security_posture_config": [
              {
                "mode": "BASIC",
                "vulnerability_mode": "VULNERABILITY_MODE_UNSPECIFIED"
              }
            ],
            "self_link": "https://container.googleapis.com/v1/projects/lsa-data-425320/locations/us-central1/clusters/fastapi-cluster",
            "service_external_ips_config": [
              {
                "enabled": false
              }
            ],
            "services_ipv4_cidr": "34.118.224.0/20",
            "subnetwork": "projects/lsa-data-425320/regions/us-central1/subnetworks/default",
            "timeouts": null,
            "tpu_ipv4_cidr_block": "",
            "vertical_pod_autoscaling": [],
            "workload_identity_config": []
          },
          "sensitive_attributes": [],
          "private": "eyJlMmJmYjczMC1lY2FhLTExZTYtOGY4OC0zNDM2M2JjN2M0YzAiOnsiY3JlYXRlIjoyNDAwMDAwMDAwMDAwLCJkZWxldGUiOjI0MDAwMDAwMDAwMDAsInJlYWQiOjI0MDAwMDAwMDAwMDAsInVwZGF0ZSI6MzYwMDAwMDAwMDAwMH0sInNjaGVtYV92ZXJzaW9uIjoiMiJ9"
        }
      ]
    },
    {
      "mode": "managed",
      "type": "google_sql_database",
      "name": "default",
      "provider": "provider[\"registry.terraform.io/hashicorp/google\"]",
      "instances": [
        {
          "schema_version": 0,
          "attributes": {
            "charset": "UTF8",
            "collation": "en_US.UTF8",
            "deletion_policy": "DELETE",
            "id": "projects/lsa-data-425320/instances/postgres-instance/databases/mydb",
            "instance": "postgres-instance",
            "name": "mydb",
            "project": "lsa-data-425320",
            "self_link": "https://sqladmin.googleapis.com/sql/v1beta4/projects/lsa-data-425320/instances/postgres-instance/databases/mydb",
            "timeouts": null
          },
          "sensitive_attributes": [],
          "private": "eyJlMmJmYjczMC1lY2FhLTExZTYtOGY4OC0zNDM2M2JjN2M0YzAiOnsiY3JlYXRlIjoxMjAwMDAwMDAwMDAwLCJkZWxldGUiOjEyMDAwMDAwMDAwMDAsInVwZGF0ZSI6MTIwMDAwMDAwMDAwMH19",
          "dependencies": [
            "google_sql_database_instance.postgres_instance"
          ]
        }
      ]
    },
    {
      "mode": "managed",
      "type": "google_sql_database_instance",
      "name": "postgres_instance",
      "provider": "provider[\"registry.terraform.io/hashicorp/google\"]",
      "instances": [
        {
          "schema_version": 0,
          "attributes": {
            "available_maintenance_versions": [
              "POSTGRES_13_15.R20240514.00_12"
            ],
            "clone": [],
            "connection_name": "lsa-data-425320:us-central1:postgres-instance",
            "database_version": "POSTGRES_13",
            "deletion_protection": true,
            "dns_name": "",
            "encryption_key_name": null,
            "first_ip_address": "34.71.236.251",
            "id": "postgres-instance",
            "instance_type": "CLOUD_SQL_INSTANCE",
            "ip_address": [
              {
                "ip_address": "34.71.236.251",
                "time_to_retire": "",
                "type": "PRIMARY"
              },
              {
                "ip_address": "34.72.48.214",
                "time_to_retire": "",
                "type": "OUTGOING"
              }
            ],
            "maintenance_version": "POSTGRES_13_15.R20240514.00_08",
            "master_instance_name": "",
            "name": "postgres-instance",
            "private_ip_address": "",
            "project": "lsa-data-425320",
            "psc_service_attachment_link": "",
            "public_ip_address": "34.71.236.251",
            "region": "us-central1",
            "replica_configuration": [],
            "restore_backup_context": [],
            "root_password": null,
            "self_link": "https://sqladmin.googleapis.com/sql/v1beta4/projects/lsa-data-425320/instances/postgres-instance",
            "server_ca_cert": [
              {
                "cert": "-----BEGIN CERTIFICATE-----\nMIIDfzCCAmegAwIBAgIBADANBgkqhkiG9w0BAQsFADB3MS0wKwYDVQQuEyQyZTlk\nMTBiMS1jZTMwLTQ3ZTctYWNmMC02ZjdiZmU5YThiYTMxIzAhBgNVBAMTGkdvb2ds\nZSBDbG91ZCBTUUwgU2VydmVyIENBMRQwEgYDVQQKEwtHb29nbGUsIEluYzELMAkG\nA1UEBhMCVVMwHhcNMjQwODE3MTY0MzE0WhcNMzQwODE1MTY0NDE0WjB3MS0wKwYD\nVQQuEyQyZTlkMTBiMS1jZTMwLTQ3ZTctYWNmMC02ZjdiZmU5YThiYTMxIzAhBgNV\nBAMTGkdvb2dsZSBDbG91ZCBTUUwgU2VydmVyIENBMRQwEgYDVQQKEwtHb29nbGUs\nIEluYzELMAkGA1UEBhMCVVMwggEiMA0GCSqGSIb3DQEBAQUAA4IBDwAwggEKAoIB\nAQDHiFb6sPCYI9597V+/XznJfTsrcyie7cwRKLHNhUb9J1iQNJ1aY9RZVm5sF9tf\nd8zxHdRvRnjNa9eLvncmUaaKZsCVo+HinopEvmPz1okE6MtR6jv4K/Hv0v2OSmK9\n8eaPmblnc4pl02o1VN54+0dKU2XfNRkng8YASEfZDysgjckJQeU3gX7p+dxWuZfy\n2zAOiznLlNShGKudP0fZtZoX6uhlcujvb1dlCDBX+p+f+s2sFef3zvkZwXon6jFD\n97WzpR1BazwyuQEnYa/nvZauC/SSEhH8y+VM13nsNjWk95UPQ9rcM5ntkJBgWcHo\nh780IjMtIE6I/5RDb67GNiQZAgMBAAGjFjAUMBIGA1UdEwEB/wQIMAYBAf8CAQAw\nDQYJKoZIhvcNAQELBQADggEBAAaizmJr7DjEYUAYYYFjYW5nAQj4mDlAFLhkR7U6\nExvlw5eT32lzLO3rxtC13hAqQO/mQglZQHrKvhibC+IIYQWPBHkauko/uOceGyzO\nMiq3rAtjYFD8LrTpGa+zcb9n0Fkc+bWZBd1cPKEuVZcA5P6GR9MrfKxVcR9IyJZr\neUrnZ0/eE2Vb6AiHbR8oD3cRA+oQ43a7YY62OX74ZO34xspdSXlCOPLHbnWn6w9P\nDL4vmZBn1V3I3S58eLMq9Eken+I1PXbzzl9pnsRJWUr4aXJtt2qsFSq6BPQdMApn\nZ+u8IoVm/UqrFzI7KkrncGoFjnpd1HKhxcEIZUjZre8h9Ho=\n-----END CERTIFICATE-----",
                "common_name": "C=US,O=Google\\, Inc,CN=Google Cloud SQL Server CA,dnQualifier=2e9d10b1-ce30-47e7-acf0-6f7bfe9a8ba3",
                "create_time": "2024-08-17T16:43:14.264Z",
                "expiration_time": "2034-08-15T16:44:14.264Z",
                "sha1_fingerprint": "6d54716c7df4f7ff086d120e0f34b7b608a87b8e"
              }
            ],
            "service_account_email_address": "p25001706647-rumtw2@gcp-sa-cloud-sql.iam.gserviceaccount.com",
            "settings": [
              {
                "activation_policy": "ALWAYS",
                "active_directory_config": [],
                "advanced_machine_features": [],
                "availability_type": "ZONAL",
                "backup_configuration": [
                  {
                    "backup_retention_settings": [
                      {
                        "retained_backups": 7,
                        "retention_unit": "COUNT"
                      }
                    ],
                    "binary_log_enabled": false,
                    "enabled": false,
                    "location": "",
                    "point_in_time_recovery_enabled": false,
                    "start_time": "04:00",
                    "transaction_log_retention_days": 7
                  }
                ],
                "collation": "",
                "connector_enforcement": "NOT_REQUIRED",
                "data_cache_config": [],
                "database_flags": [],
                "deletion_protection_enabled": false,
                "deny_maintenance_period": [],
                "disk_autoresize": true,
                "disk_autoresize_limit": 0,
                "disk_size": 10,
                "disk_type": "PD_SSD",
                "edition": "ENTERPRISE",
                "enable_dataplex_integration": false,
                "enable_google_ml_integration": false,
                "insights_config": [],
                "ip_configuration": [
                  {
                    "allocated_ip_range": "",
                    "authorized_networks": [
                      {
                        "expiration_time": "",
                        "name": "allow-all",
                        "value": "0.0.0.0/0"
                      }
                    ],
                    "enable_private_path_for_google_cloud_services": false,
                    "ipv4_enabled": true,
                    "private_network": "",
                    "psc_config": [],
                    "require_ssl": false,
                    "ssl_mode": ""
                  }
                ],
                "location_preference": [
                  {
                    "follow_gae_application": "",
                    "secondary_zone": "",
                    "zone": "us-central1-c"
                  }
                ],
                "maintenance_window": [],
                "password_validation_policy": [],
                "pricing_plan": "PER_USE",
                "sql_server_audit_config": [],
                "tier": "db-f1-micro",
                "time_zone": "",
                "user_labels": {},
                "version": 4
              }
            ],
            "timeouts": null
          },
          "sensitive_attributes": [],
          "private": "eyJlMmJmYjczMC1lY2FhLTExZTYtOGY4OC0zNDM2M2JjN2M0YzAiOnsiY3JlYXRlIjo1NDAwMDAwMDAwMDAwLCJkZWxldGUiOjU0MDAwMDAwMDAwMDAsInVwZGF0ZSI6NTQwMDAwMDAwMDAwMH19"
        }
      ]
    },
    {
      "mode": "managed",
      "type": "google_sql_user",
      "name": "postgres_user",
      "provider": "provider[\"registry.terraform.io/hashicorp/google\"]",
      "instances": [
        {
          "schema_version": 1,
          "attributes": {
            "deletion_policy": null,
            "host": "",
            "id": "user//postgres-instance",
            "instance": "postgres-instance",
            "name": "user",
            "password": "password",
            "password_policy": [],
            "project": "lsa-data-425320",
            "sql_server_user_details": [],
            "timeouts": null,
            "type": ""
          },
          "sensitive_attributes": [],
          "private": "eyJlMmJmYjczMC1lY2FhLTExZTYtOGY4OC0zNDM2M2JjN2M0YzAiOnsiY3JlYXRlIjo2MDAwMDAwMDAwMDAsImRlbGV0ZSI6NjAwMDAwMDAwMDAwLCJ1cGRhdGUiOjYwMDAwMDAwMDAwMH0sInNjaGVtYV92ZXJzaW9uIjoiMSJ9",
          "dependencies": [
            "google_sql_database_instance.postgres_instance"
          ]
        }
      ]
    }
  ],
  "check_results": null
}
