{
  "version": 4,
  "terraform_version": "1.5.7",
  "serial": 5,
  "lineage": "c23a4902-4c86-d17b-83b2-b3a6ff9f2ad2",
  "outputs": {
    "postgres_instance_connection_name": {
      "value": "lsa-data-425320:us-central1:postgres-instance",
      "type": "string"
    },
    "postgres_instance_ip_address": {
      "value": "34.71.236.251",
      "type": "string"
    }
  },
  "resources": [
    {
      "mode": "managed",
      "type": "google_sql_database",
      "name": "default",
      "provider": "provider[\"registry.terraform.io/hashicorp/google\"]",
      "instances": [
        {
          "schema_version": 0,
          "attributes": {
            "charset": "UTF8",
            "collation": "en_US.UTF8",
            "deletion_policy": "DELETE",
            "id": "projects/lsa-data-425320/instances/postgres-instance/databases/mydb",
            "instance": "postgres-instance",
            "name": "mydb",
            "project": "lsa-data-425320",
            "self_link": "https://sqladmin.googleapis.com/sql/v1beta4/projects/lsa-data-425320/instances/postgres-instance/databases/mydb",
            "timeouts": null
          },
          "sensitive_attributes": [],
          "private": "eyJlMmJmYjczMC1lY2FhLTExZTYtOGY4OC0zNDM2M2JjN2M0YzAiOnsiY3JlYXRlIjoxMjAwMDAwMDAwMDAwLCJkZWxldGUiOjEyMDAwMDAwMDAwMDAsInVwZGF0ZSI6MTIwMDAwMDAwMDAwMH19",
          "dependencies": [
            "google_sql_database_instance.postgres_instance"
          ]
        }
      ]
    },
    {
      "mode": "managed",
      "type": "google_sql_database_instance",
      "name": "postgres_instance",
      "provider": "provider[\"registry.terraform.io/hashicorp/google\"]",
      "instances": [
        {
          "schema_version": 0,
          "attributes": {
            "available_maintenance_versions": [],
            "clone": [],
            "connection_name": "lsa-data-425320:us-central1:postgres-instance",
            "database_version": "POSTGRES_13",
            "deletion_protection": true,
            "dns_name": "",
            "encryption_key_name": null,
            "first_ip_address": "34.71.236.251",
            "id": "postgres-instance",
            "instance_type": "CLOUD_SQL_INSTANCE",
            "ip_address": [
              {
                "ip_address": "34.71.236.251",
                "time_to_retire": "",
                "type": "PRIMARY"
              },
              {
                "ip_address": "34.72.48.214",
                "time_to_retire": "",
                "type": "OUTGOING"
              }
            ],
            "maintenance_version": "POSTGRES_13_15.R20240514.00_08",
            "master_instance_name": "",
            "name": "postgres-instance",
            "private_ip_address": "",
            "project": "lsa-data-425320",
            "psc_service_attachment_link": "",
            "public_ip_address": "34.71.236.251",
            "region": "us-central1",
            "replica_configuration": [],
            "restore_backup_context": [],
            "root_password": null,
            "self_link": "https://sqladmin.googleapis.com/sql/v1beta4/projects/lsa-data-425320/instances/postgres-instance",
            "server_ca_cert": [
              {
                "cert": "-----BEGIN CERTIFICATE-----\nMIIDfzCCAmegAwIBAgIBADANBgkqhkiG9w0BAQsFADB3MS0wKwYDVQQuEyQyZTlk\nMTBiMS1jZTMwLTQ3ZTctYWNmMC02ZjdiZmU5YThiYTMxIzAhBgNVBAMTGkdvb2ds\nZSBDbG91ZCBTUUwgU2VydmVyIENBMRQwEgYDVQQKEwtHb29nbGUsIEluYzELMAkG\nA1UEBhMCVVMwHhcNMjQwODE3MTY0MzE0WhcNMzQwODE1MTY0NDE0WjB3MS0wKwYD\nVQQuEyQyZTlkMTBiMS1jZTMwLTQ3ZTctYWNmMC02ZjdiZmU5YThiYTMxIzAhBgNV\nBAMTGkdvb2dsZSBDbG91ZCBTUUwgU2VydmVyIENBMRQwEgYDVQQKEwtHb29nbGUs\nIEluYzELMAkGA1UEBhMCVVMwggEiMA0GCSqGSIb3DQEBAQUAA4IBDwAwggEKAoIB\nAQDHiFb6sPCYI9597V+/XznJfTsrcyie7cwRKLHNhUb9J1iQNJ1aY9RZVm5sF9tf\nd8zxHdRvRnjNa9eLvncmUaaKZsCVo+HinopEvmPz1okE6MtR6jv4K/Hv0v2OSmK9\n8eaPmblnc4pl02o1VN54+0dKU2XfNRkng8YASEfZDysgjckJQeU3gX7p+dxWuZfy\n2zAOiznLlNShGKudP0fZtZoX6uhlcujvb1dlCDBX+p+f+s2sFef3zvkZwXon6jFD\n97WzpR1BazwyuQEnYa/nvZauC/SSEhH8y+VM13nsNjWk95UPQ9rcM5ntkJBgWcHo\nh780IjMtIE6I/5RDb67GNiQZAgMBAAGjFjAUMBIGA1UdEwEB/wQIMAYBAf8CAQAw\nDQYJKoZIhvcNAQELBQADggEBAAaizmJr7DjEYUAYYYFjYW5nAQj4mDlAFLhkR7U6\nExvlw5eT32lzLO3rxtC13hAqQO/mQglZQHrKvhibC+IIYQWPBHkauko/uOceGyzO\nMiq3rAtjYFD8LrTpGa+zcb9n0Fkc+bWZBd1cPKEuVZcA5P6GR9MrfKxVcR9IyJZr\neUrnZ0/eE2Vb6AiHbR8oD3cRA+oQ43a7YY62OX74ZO34xspdSXlCOPLHbnWn6w9P\nDL4vmZBn1V3I3S58eLMq9Eken+I1PXbzzl9pnsRJWUr4aXJtt2qsFSq6BPQdMApn\nZ+u8IoVm/UqrFzI7KkrncGoFjnpd1HKhxcEIZUjZre8h9Ho=\n-----END CERTIFICATE-----",
                "common_name": "C=US,O=Google\\, Inc,CN=Google Cloud SQL Server CA,dnQualifier=2e9d10b1-ce30-47e7-acf0-6f7bfe9a8ba3",
                "create_time": "2024-08-17T16:43:14.264Z",
                "expiration_time": "2034-08-15T16:44:14.264Z",
                "sha1_fingerprint": "6d54716c7df4f7ff086d120e0f34b7b608a87b8e"
              }
            ],
            "service_account_email_address": "p25001706647-rumtw2@gcp-sa-cloud-sql.iam.gserviceaccount.com",
            "settings": [
              {
                "activation_policy": "ALWAYS",
                "active_directory_config": [],
                "advanced_machine_features": [],
                "availability_type": "ZONAL",
                "backup_configuration": [
                  {
                    "backup_retention_settings": [
                      {
                        "retained_backups": 7,
                        "retention_unit": "COUNT"
                      }
                    ],
                    "binary_log_enabled": false,
                    "enabled": false,
                    "location": "",
                    "point_in_time_recovery_enabled": false,
                    "start_time": "04:00",
                    "transaction_log_retention_days": 7
                  }
                ],
                "collation": "",
                "connector_enforcement": "NOT_REQUIRED",
                "data_cache_config": [],
                "database_flags": [],
                "deletion_protection_enabled": false,
                "deny_maintenance_period": [],
                "disk_autoresize": true,
                "disk_autoresize_limit": 0,
                "disk_size": 10,
                "disk_type": "PD_SSD",
                "edition": "ENTERPRISE",
                "enable_dataplex_integration": false,
                "enable_google_ml_integration": false,
                "insights_config": [],
                "ip_configuration": [
                  {
                    "allocated_ip_range": "",
                    "authorized_networks": [],
                    "enable_private_path_for_google_cloud_services": false,
                    "ipv4_enabled": true,
                    "private_network": "",
                    "psc_config": [],
                    "require_ssl": false,
                    "ssl_mode": ""
                  }
                ],
                "location_preference": [
                  {
                    "follow_gae_application": "",
                    "secondary_zone": "",
                    "zone": "us-central1-c"
                  }
                ],
                "maintenance_window": [],
                "password_validation_policy": [],
                "pricing_plan": "PER_USE",
                "sql_server_audit_config": [],
                "tier": "db-f1-micro",
                "time_zone": "",
                "user_labels": {},
                "version": 1
              }
            ],
            "timeouts": null
          },
          "sensitive_attributes": [],
          "private": "eyJlMmJmYjczMC1lY2FhLTExZTYtOGY4OC0zNDM2M2JjN2M0YzAiOnsiY3JlYXRlIjo1NDAwMDAwMDAwMDAwLCJkZWxldGUiOjU0MDAwMDAwMDAwMDAsInVwZGF0ZSI6NTQwMDAwMDAwMDAwMH19"
        }
      ]
    },
    {
      "mode": "managed",
      "type": "google_sql_user",
      "name": "postgres_user",
      "provider": "provider[\"registry.terraform.io/hashicorp/google\"]",
      "instances": [
        {
          "schema_version": 1,
          "attributes": {
            "deletion_policy": null,
            "host": "",
            "id": "user//postgres-instance",
            "instance": "postgres-instance",
            "name": "user",
            "password": "password",
            "password_policy": [],
            "project": "lsa-data-425320",
            "sql_server_user_details": [],
            "timeouts": null,
            "type": ""
          },
          "sensitive_attributes": [],
          "private": "eyJlMmJmYjczMC1lY2FhLTExZTYtOGY4OC0zNDM2M2JjN2M0YzAiOnsiY3JlYXRlIjo2MDAwMDAwMDAwMDAsImRlbGV0ZSI6NjAwMDAwMDAwMDAwLCJ1cGRhdGUiOjYwMDAwMDAwMDAwMH0sInNjaGVtYV92ZXJzaW9uIjoiMSJ9",
          "dependencies": [
            "google_sql_database_instance.postgres_instance"
          ]
        }
      ]
    }
  ],
  "check_results": null
}
